
Microsoft Visual Studio Solution File, Format Version 12.00
# Visual Studio Version 16
VisualStudioVersion = 16.0.30503.244
MinimumVisualStudioVersion = 10.0.40219.1
Project("{FAE04EC0-301F-11D3-BF4B-00C04F79EFBC}") = "Atividade-03", "Atividade-03\Atividade-03.csproj", "{7018D2D7-411E-40C0-A48C-E6FE23320090}"
EndProject
Global
	GlobalSection(SolutionConfigurationPlatforms) = preSolution
		Debug|Any CPU = Debug|Any CPU
		Release|Any CPU = Release|Any CPU
	EndGlobalSection
	GlobalSection(ProjectConfigurationPlatforms) = postSolution
		{7018D2D7-411E-40C0-A48C-E6FE23320090}.Debug|Any CPU.ActiveCfg = Debug|Any CPU
		{7018D2D7-411E-40C0-A48C-E6FE23320090}.Debug|Any CPU.Build.0 = Debug|Any CPU
		{7018D2D7-411E-40C0-A48C-E6FE23320090}.Release|Any CPU.ActiveCfg = Release|Any CPU
		{7018D2D7-411E-40C0-A48C-E6FE23320090}.Release|Any CPU.Build.0 = Release|Any CPU
	EndGlobalSection
	GlobalSection(SolutionProperties) = preSolution
		HideSolutionNode = FALSE
	EndGlobalSection
	GlobalSection(ExtensibilityGlobals) = postSolution
		SolutionGuid = {7CA3D84E-D683-4485-9E36-177BFF1D3203}
	EndGlobalSection
EndGlobal
